{
  "name": "tag-server-bot",
  "version": "1.0.0",
  "lockfileVersion": 1,
  "requires": true,
  "dependencies": {
    "humanize-duration": {
      "version": "3.25.1",
      "resolved": "https://registry.npmjs.org/humanize-duration/-/humanize-duration-3.25.1.tgz",
      "integrity": "sha512-P+dRo48gpLgc2R9tMRgiDRNULPKCmqFYgguwqOO2C0fjO35TgdURDQDANSR1Nt92iHlbHGMxOTnsB8H8xnMa2Q=="
    }
  }
}
